// !$*UTF8*$!
{
	archiveVersion = 1;
	classes = {
	};
	objectVersion = 48;
	objects = {

/* Begin PBXBuildFile section */
		E5BBE37F2086398E007A42F7 /* AppDelegate.swift in Sources */ = {isa = PBXBuildFile; fileRef = E5BBE37E2086398E007A42F7 /* AppDelegate.swift */; };
		E5BBE3812086398E007A42F7 /* GameScene.sks in Resources */ = {isa = PBXBuildFile; fileRef = E5BBE3802086398E007A42F7 /* GameScene.sks */; };
		E5BBE3832086398E007A42F7 /* Actions.sks in Resources */ = {isa = PBXBuildFile; fileRef = E5BBE3822086398E007A42F7 /* Actions.sks */; };
		E5BBE3852086398E007A42F7 /* GameScene.swift in Sources */ = {isa = PBXBuildFile; fileRef = E5BBE3842086398E007A42F7 /* GameScene.swift */; };
		E5BBE3872086398E007A42F7 /* GameViewController.swift in Sources */ = {isa = PBXBuildFile; fileRef = E5BBE3862086398E007A42F7 /* GameViewController.swift */; };
		E5BBE38A2086398E007A42F7 /* Main.storyboard in Resources */ = {isa = PBXBuildFile; fileRef = E5BBE3882086398E007A42F7 /* Main.storyboard */; };
		E5BBE38C2086398E007A42F7 /* Assets.xcassets in Resources */ = {isa = PBXBuildFile; fileRef = E5BBE38B2086398E007A42F7 /* Assets.xcassets */; };
		E5BBE38F2086398E007A42F7 /* LaunchScreen.storyboard in Resources */ = {isa = PBXBuildFile; fileRef = E5BBE38D2086398E007A42F7 /* LaunchScreen.storyboard */; };
/* End PBXBuildFile section */

/* Begin PBXFileReference section */
		E5BBE37B2086398E007A42F7 /* Playing.app */ = {isa = PBXFileReference; explicitFileType = wrapper.application; includeInIndex = 0; path = Playing.app; sourceTree = BUILT_PRODUCTS_DIR; };
		E5BBE37E2086398E007A42F7 /* AppDelegate.swift */ = {isa = PBXFileReference; lastKnownFileType = sourcecode.swift; path = AppDelegate.swift; sourceTree = "<group>"; };
		E5BBE3802086398E007A42F7 /* GameScene.sks */ = {isa = PBXFileReference; lastKnownFileType = file.sks; path = GameScene.sks; sourceTree = "<group>"; };
		E5BBE3822086398E007A42F7 /* Actions.sks */ = {isa = PBXFileReference; lastKnownFileType = file.sks; path = Actions.sks; sourceTree = "<group>"; };
		E5BBE3842086398E007A42F7 /* GameScene.swift */ = {isa = PBXFileReference; lastKnownFileType = sourcecode.swift; path = GameScene.swift; sourceTree = "<group>"; };
		E5BBE3862086398E007A42F7 /* GameViewController.swift */ = {isa = PBXFileReference; lastKnownFileType = sourcecode.swift; path = GameViewController.swift; sourceTree = "<group>"; };
		E5BBE3892086398E007A42F7 /* Base */ = {isa = PBXFileReference; lastKnownFileType = file.storyboard; name = Base; path = Base.lproj/Main.storyboard; sourceTree = "<group>"; };
		E5BBE38B2086398E007A42F7 /* Assets.xcassets */ = {isa = PBXFileReference; lastKnownFileType = folder.assetcatalog; path = Assets.xcassets; sourceTree = "<group>"; };
		E5BBE38E2086398E007A42F7 /* Base */ = {isa = PBXFileReference; lastKnownFileType = file.storyboard; name = Base; path = Base.lproj/LaunchScreen.storyboard; sourceTree = "<group>"; };
		E5BBE3902086398E007A42F7 /* Info.plist */ = {isa = PBXFileReference; lastKnownFileType = text.plist.xml; path = Info.plist; sourceTree = "<group>"; };
/* End PBXFileReference section */

/* Begin PBXFrameworksBuildPhase section */
		E5BBE3782086398E007A42F7 /* Frameworks */ = {
			isa = PBXFrameworksBuildPhase;
			buildActionMask = 2147483647;
			files = (
			);
			runOnlyForDeploymentPostprocessing = 0;
		};
/* End PBXFrameworksBuildPhase section */

/* Begin PBXGroup section */
		E5BBE3722086398E007A42F7 = {
			isa = PBXGroup;
			children = (
				E5BBE37D2086398E007A42F7 /* Playing */,
				E5BBE37C2086398E007A42F7 /* Products */,
			);
			sourceTree = "<group>";
		};
		E5BBE37C2086398E007A42F7 /* Products */ = {
			isa = PBXGroup;
			children = (
				E5BBE37B2086398E007A42F7 /* Playing.app */,
			);
			name = Products;
			sourceTree = "<group>";
		};
		E5BBE37D2086398E007A42F7 /* Playing */ = {
			isa = PBXGroup;
			children = (
				E5BBE37E2086398E007A42F7 /* AppDelegate.swift */,
				E5BBE3802086398E007A42F7 /* GameScene.sks */,
				E5BBE3822086398E007A42F7 /* Actions.sks */,
				E5BBE3842086398E007A42F7 /* GameScene.swift */,
				E5BBE3862086398E007A42F7 /* GameViewController.swift */,
				E5BBE3882086398E007A42F7 /* Main.storyboard */,
				E5BBE38B2086398E007A42F7 /* Assets.xcassets */,
				E5BBE38D2086398E007A42F7 /* LaunchScreen.storyboard */,
				E5BBE3902086398E007A42F7 /* Info.plist */,
			);
			path = Playing;
			sourceTree = "<group>";
		};
/* End PBXGroup section */

/* Begin PBXNativeTarget section */
		E5BBE37A2086398E007A42F7 /* Playing */ = {
			isa = PBXNativeTarget;
			buildConfigurationList = E5BBE3932086398E007A42F7 /* Build configuration list for PBXNativeTarget "Playing" */;
			buildPhases = (
				E5BBE3772086398E007A42F7 /* Sources */,
				E5BBE3782086398E007A42F7 /* Frameworks */,
				E5BBE3792086398E007A42F7 /* Resources */,
			);
			buildRules = (
			);
			dependencies = (
			);
			name = Playing;
			productName = Playing;
			productReference = E5BBE37B2086398E007A42F7 /* Playing.app */;
			productType = "com.apple.product-type.application";
		};
/* End PBXNativeTarget section */

/* Begin PBXProject section */
		E5BBE3732086398E007A42F7 /* Project object */ = {
			isa = PBXProject;
			attributes = {
				LastSwiftUpdateCheck = 0910;
				LastUpgradeCheck = 0910;
				ORGANIZATIONNAME = olaven;
				TargetAttributes = {
					E5BBE37A2086398E007A42F7 = {
						CreatedOnToolsVersion = 9.1;
						ProvisioningStyle = Automatic;
					};
				};
			};
			buildConfigurationList = E5BBE3762086398E007A42F7 /* Build configuration list for PBXProject "Playing" */;
			compatibilityVersion = "Xcode 8.0";
			developmentRegion = en;
			hasScannedForEncodings = 0;
			knownRegions = (
				en,
				Base,
			);
			mainGroup = E5BBE3722086398E007A42F7;
			productRefGroup = E5BBE37C2086398E007A42F7 /* Products */;
			projectDirPath = "";
			projectRoot = "";
			targets = (
				E5BBE37A2086398E007A42F7 /* Playing */,
			);
		};
/* End PBXProject section */

/* Begin PBXResourcesBuildPhase section */
		E5BBE3792086398E007A42F7 /* Resources */ = {
			isa = PBXResourcesBuildPhase;
			buildActionMask = 2147483647;
			files = (
				E5BBE38A2086398E007A42F7 /* Main.storyboard in Resources */,
				E5BBE3812086398E007A42F7 /* GameScene.sks in Resources */,
				E5BBE38C2086398E007A42F7 /* Assets.xcassets in Resources */,
				E5BBE38F2086398E007A42F7 /* LaunchScreen.storyboard in Resources */,
				E5BBE3832086398E007A42F7 /* Actions.sks in Resources */,
			);
			runOnlyForDeploymentPostprocessing = 0;
		};
/* End PBXResourcesBuildPhase section */

/* Begin PBXSourcesBuildPhase section */
		E5BBE3772086398E007A42F7 /* Sources */ = {
			isa = PBXSourcesBuildPhase;
			buildActionMask = 2147483647;
			files = (
				E5BBE3852086398E007A42F7 /* GameScene.swift in Sources */,
				E5BBE3872086398E007A42F7 /* GameViewController.swift in Sources */,
				E5BBE37F2086398E007A42F7 /* AppDelegate.swift in Sources */,
			);
			runOnlyForDeploymentPostprocessing = 0;
		};
/* End PBXSourcesBuildPhase section */

/* Begin PBXVariantGroup section */
		E5BBE3882086398E007A42F7 /* Main.storyboard */ = {
			isa = PBXVariantGroup;
			children = (
				E5BBE3892086398E007A42F7 /* Base */,
			);
			name = Main.storyboard;
			sourceTree = "<group>";
		};
		E5BBE38D2086398E007A42F7 /* LaunchScreen.storyboard */ = {
			isa = PBXVariantGroup;
			children = (
				E5BBE38E2086398E007A42F7 /* Base */,
			);
			name = LaunchScreen.storyboard;
			sourceTree = "<group>";
		};
/* End PBXVariantGroup section */

/* Begin XCBuildConfiguration section */
		E5BBE3912086398E007A42F7 /* Debug */ = {
			isa = XCBuildConfiguration;
			buildSettings = {
				ALWAYS_SEARCH_USER_PATHS = NO;
				CLANG_ANALYZER_NONNULL = YES;
				CLANG_ANALYZER_NUMBER_OBJECT_CONVERSION = YES_AGGRESSIVE;
				CLANG_CXX_LANGUAGE_STANDARD = "gnu++14";
				CLANG_CXX_LIBRARY = "libc++";
				CLANG_ENABLE_MODULES = YES;
				CLANG_ENABLE_OBJC_ARC = YES;
				CLANG_WARN_BLOCK_CAPTURE_AUTORELEASING = YES;
				CLANG_WARN_BOOL_CONVERSION = YES;
				CLANG_WARN_COMMA = YES;
				CLANG_WARN_CONSTANT_CONVERSION = YES;
				CLANG_WARN_DIRECT_OBJC_ISA_USAGE = YES_ERROR;
				CLANG_WARN_DOCUMENTATION_COMMENTS = YES;
				CLANG_WARN_EMPTY_BODY = YES;
				CLANG_WARN_ENUM_CONVERSION = YES;
				CLANG_WARN_INFINITE_RECURSION = YES;
				CLANG_WARN_INT_CONVERSION = YES;
				CLANG_WARN_NON_LITERAL_NULL_CONVERSION = YES;
				CLANG_WARN_OBJC_LITERAL_CONVERSION = YES;
				CLANG_WARN_OBJC_ROOT_CLASS = YES_ERROR;
				CLANG_WARN_RANGE_LOOP_ANALYSIS = YES;
				CLANG_WARN_STRICT_PROTOTYPES = YES;
				CLANG_WARN_SUSPICIOUS_MOVE = YES;
				CLANG_WARN_UNGUARDED_AVAILABILITY = YES_AGGRESSIVE;
				CLANG_WARN_UNREACHABLE_CODE = YES;
				CLANG_WARN__DUPLICATE_METHOD_MATCH = YES;
				CODE_SIGN_IDENTITY = "iPhone Developer";
				COPY_PHASE_STRIP = NO;
				DEBUG_INFORMATION_FORMAT = dwarf;
				ENABLE_STRICT_OBJC_MSGSEND = YES;
				ENABLE_TESTABILITY = YES;
				GCC_C_LANGUAGE_STANDARD = gnu11;
				GCC_DYNAMIC_NO_PIC = NO;
				GCC_NO_COMMON_BLOCKS = YES;
				GCC_OPTIMIZATION_LEVEL = 0;
				GCC_PREPROCESSOR_DEFINITIONS = (
					"DEBUG=1",
					"$(inherited)",
				);
				GCC_WARN_64_TO_32_BIT_CONVERSION = YES;
				GCC_WARN_ABOUT_RETURN_TYPE = YES_ERROR;
				GCC_WARN_UNDECLARED_SELECTOR = YES;
				GCC_WARN_UNINITIALIZED_AUTOS = YES_AGGRESSIVE;
				GCC_WARN_UNUSED_FUNCTION = YES;
				GCC_WARN_UNUSED_VARIABLE = YES;
				IPHONEOS_DEPLOYMENT_TARGET = 11.1;
				MTL_ENABLE_DEBUG_INFO = YES;
				ONLY_ACTIVE_ARCH = YES;
				SDKROOT = iphoneos;
				SWIFT_ACTIVE_COMPILATION_CONDITIONS = DEBUG;
				SWIFT_OPTIMIZATION_LEVEL = "-Onone";
			};
			name = Debug;
		};
		E5BBE3922086398E007A42F7 /* Release */ = {
			isa = XCBuildConfiguration;
			buildSettings = {
				ALWAYS_SEARCH_USER_PATHS = NO;
				CLANG_ANALYZER_NONNULL = YES;
				CLANG_ANALYZER_NUMBER_OBJECT_CONVERSION = YES_AGGRESSIVE;
				CLANG_CXX_LANGUAGE_STANDARD = "gnu++14";
				CLANG_CXX_LIBRARY = "libc++";
				CLANG_ENABLE_MODULES = YES;
				CLANG_ENABLE_OBJC_ARC = YES;
				CLANG_WARN_BLOCK_CAPTURE_AUTORELEASING = YES;
				CLANG_WARN_BOOL_CONVERSION = YES;
				CLANG_WARN_COMMA = YES;
				CLANG_WARN_CONSTANT_CONVERSION = YES;
				CLANG_WARN_DIRECT_OBJC_ISA_USAGE = YES_ERROR;
				CLANG_WARN_DOCUMENTATION_COMMENTS = YES;
				CLANG_WARN_EMPTY_BODY = YES;
				CLANG_WARN_ENUM_CONVERSION = YES;
				CLANG_WARN_INFINITE_RECURSION = YES;
				CLANG_WARN_INT_CONVERSION = YES;
				CLANG_WARN_NON_LITERAL_NULL_CONVERSION = YES;
				CLANG_WARN_OBJC_LITERAL_CONVERSION = YES;
				CLANG_WARN_OBJC_ROOT_CLASS = YES_ERROR;
				CLANG_WARN_RANGE_LOOP_ANALYSIS = YES;
				CLANG_WARN_STRICT_PROTOTYPES = YES;
				CLANG_WARN_SUSPICIOUS_MOVE = YES;
				CLANG_WARN_UNGUARDED_AVAILABILITY = YES_AGGRESSIVE;
				CLANG_WARN_UNREACHABLE_CODE = YES;
				CLANG_WARN__DUPLICATE_METHOD_MATCH = YES;
				CODE_SIGN_IDENTITY = "iPhone Developer";
				COPY_PHASE_STRIP = NO;
				DEBUG_INFORMATION_FORMAT = "dwarf-with-dsym";
				ENABLE_NS_ASSERTIONS = NO;
				ENABLE_STRICT_OBJC_MSGSEND = YES;
				GCC_C_LANGUAGE_STANDARD = gnu11;
				GCC_NO_COMMON_BLOCKS = YES;
				GCC_WARN_64_TO_32_BIT_CONVERSION = YES;
				GCC_WARN_ABOUT_RETURN_TYPE = YES_ERROR;
				GCC_WARN_UNDECLARED_SELECTOR = YES;
				GCC_WARN_UNINITIALIZED_AUTOS = YES_AGGRESSIVE;
				GCC_WARN_UNUSED_FUNCTION = YES;
				GCC_WARN_UNUSED_VARIABLE = YES;
				IPHONEOS_DEPLOYMENT_TARGET = 11.1;
				MTL_ENABLE_DEBUG_INFO = NO;
				SDKROOT = iphoneos;
				SWIFT_OPTIMIZATION_LEVEL = "-Owholemodule";
				VALIDATE_PRODUCT = YES;
			};
			name = Release;
		};
		E5BBE3942086398E007A42F7 /* Debug */ = {
			isa = XCBuildConfiguration;
			buildSettings = {
				ASSETCATALOG_COMPILER_APPICON_NAME = AppIcon;
				CODE_SIGN_STYLE = Automatic;
				DEVELOPMENT_TEAM = NF2B2947KN;
				INFOPLIST_FILE = Playing/Info.plist;
				LD_RUNPATH_SEARCH_PATHS = "$(inherited) @executable_path/Frameworks";
				PRODUCT_BUNDLE_IDENTIFIER = olaven.Playing;
				PRODUCT_NAME = "$(TARGET_NAME)";
				SWIFT_VERSION = 4.0;
				TARGETED_DEVICE_FAMILY = "1,2";
			};
			name = Debug;
		};
		E5BBE3952086398E007A42F7 /* Release */ = {
			isa = XCBuildConfiguration;
			buildSettings = {
				ASSETCATALOG_COMPILER_APPICON_NAME = AppIcon;
				CODE_SIGN_STYLE = Automatic;
				DEVELOPMENT_TEAM = NF2B2947KN;
				INFOPLIST_FILE = Playing/Info.plist;
				LD_RUNPATH_SEARCH_PATHS = "$(inherited) @executable_path/Frameworks";
				PRODUCT_BUNDLE_IDENTIFIER = olaven.Playing;
				PRODUCT_NAME = "$(TARGET_NAME)";
				SWIFT_VERSION = 4.0;
				TARGETED_DEVICE_FAMILY = "1,2";
			};
			name = Release;
		};
/* End XCBuildConfiguration section */

/* Begin XCConfigurationList section */
		E5BBE3762086398E007A42F7 /* Build configuration list for PBXProject "Playing" */ = {
			isa = XCConfigurationList;
			buildConfigurations = (
				E5BBE3912086398E007A42F7 /* Debug */,
				E5BBE3922086398E007A42F7 /* Release */,
			);
			defaultConfigurationIsVisible = 0;
			defaultConfigurationName = Release;
		};
		E5BBE3932086398E007A42F7 /* Build configuration list for PBXNativeTarget "Playing" */ = {
			isa = XCConfigurationList;
			buildConfigurations = (
				E5BBE3942086398E007A42F7 /* Debug */,
				E5BBE3952086398E007A42F7 /* Release */,
			);
			defaultConfigurationIsVisible = 0;
			defaultConfigurationName = Release;
		};
/* End XCConfigurationList section */
	};
	rootObject = E5BBE3732086398E007A42F7 /* Project object */;
}
